
Microsoft Visual Studio Solution File, Format Version 12.00
# Visual Studio Version 17
VisualStudioVersion = 17.7.34221.43
MinimumVisualStudioVersion = 10.0.40219.1
Project("{FAE04EC0-301F-11D3-BF4B-00C04F79EFBC}") = "Desktop Separator", "Desktop Separator.csproj", "{7DC883BD-2750-4207-B2B4-1B97A965571D}"
EndProject
Global
	GlobalSection(SolutionConfigurationPlatforms) = preSolution
		Debug|Any CPU = Debug|Any CPU
		Release|Any CPU = Release|Any CPU
	EndGlobalSection
	GlobalSection(ProjectConfigurationPlatforms) = postSolution
		{7DC883BD-2750-4207-B2B4-1B97A965571D}.Debug|Any CPU.ActiveCfg = Debug|Any CPU
		{7DC883BD-2750-4207-B2B4-1B97A965571D}.Debug|Any CPU.Build.0 = Debug|Any CPU
		{7DC883BD-2750-4207-B2B4-1B97A965571D}.Release|Any CPU.ActiveCfg = Release|Any CPU
		{7DC883BD-2750-4207-B2B4-1B97A965571D}.Release|Any CPU.Build.0 = Release|Any CPU
	EndGlobalSection
	GlobalSection(SolutionProperties) = preSolution
		HideSolutionNode = FALSE
	EndGlobalSection
	GlobalSection(ExtensibilityGlobals) = postSolution
		SolutionGuid = {6939913F-05A3-4D68-89B3-507042E0C56F}
	EndGlobalSection
EndGlobal
